Microsoft Visual Studio Solution File, Format Version 12.00
# Visual Studio Version 18
VisualStudioVersion = 18.4.11605.240 stable
MinimumVisualStudioVersion = 10.0.40219.1
Project("{FAE04EC0-301F-11D3-BF4B-00C04F79EFBC}") = "TwinSpool", "TwinSpool\TwinSpool.csproj", "{B52CB45C-2644-4BF4-B5DE-2F95D5A6E7A1}"
EndProject
Global
	GlobalSection(SolutionConfigurationPlatforms) = preSolution
		Debug|ARM = Debug|ARM
		Debug|ARM64 = Debug|ARM64
		Debug|x64 = Debug|x64
		Debug|x86 = Debug|x86
		Release|ARM = Release|ARM
		Release|ARM64 = Release|ARM64
		Release|x64 = Release|x64
		Release|x86 = Release|x86
	EndGlobalSection
	GlobalSection(ProjectConfigurationPlatforms) = postSolution
		{B52CB45C-2644-4BF4-B5DE-2F95D5A6E7A1}.Debug|ARM.ActiveCfg = Debug|ARM
		{B52CB45C-2644-4BF4-B5DE-2F95D5A6E7A1}.Debug|ARM.Build.0 = Debug|ARM
		{B52CB45C-2644-4BF4-B5DE-2F95D5A6E7A1}.Debug|ARM64.ActiveCfg = Debug|ARM64
		{B52CB45C-2644-4BF4-B5DE-2F95D5A6E7A1}.Debug|ARM64.Build.0 = Debug|ARM64
		{B52CB45C-2644-4BF4-B5DE-2F95D5A6E7A1}.Debug|x64.ActiveCfg = Debug|x64
		{B52CB45C-2644-4BF4-B5DE-2F95D5A6E7A1}.Debug|x64.Build.0 = Debug|x64
		{B52CB45C-2644-4BF4-B5DE-2F95D5A6E7A1}.Debug|x64.Deploy.0 = Debug|x64
		{B52CB45C-2644-4BF4-B5DE-2F95D5A6E7A1}.Debug|x86.ActiveCfg = Debug|x86
		{B52CB45C-2644-4BF4-B5DE-2F95D5A6E7A1}.Debug|x86.Build.0 = Debug|x86
		{B52CB45C-2644-4BF4-B5DE-2F95D5A6E7A1}.Release|ARM.ActiveCfg = Release|ARM
		{B52CB45C-2644-4BF4-B5DE-2F95D5A6E7A1}.Release|ARM.Build.0 = Release|ARM
		{B52CB45C-2644-4BF4-B5DE-2F95D5A6E7A1}.Release|ARM64.ActiveCfg = Release|ARM64
		{B52CB45C-2644-4BF4-B5DE-2F95D5A6E7A1}.Release|ARM64.Build.0 = Release|ARM64
		{B52CB45C-2644-4BF4-B5DE-2F95D5A6E7A1}.Release|x64.ActiveCfg = Release|x64
		{B52CB45C-2644-4BF4-B5DE-2F95D5A6E7A1}.Release|x64.Build.0 = Release|x64
		{B52CB45C-2644-4BF4-B5DE-2F95D5A6E7A1}.Release|x86.ActiveCfg = Release|x86
		{B52CB45C-2644-4BF4-B5DE-2F95D5A6E7A1}.Release|x86.Build.0 = Release|x86
	EndGlobalSection
	GlobalSection(SolutionProperties) = preSolution
		HideSolutionNode = FALSE
	EndGlobalSection
	GlobalSection(ExtensibilityGlobals) = postSolution
		SolutionGuid = {14710E59-7CF3-4983-B4B6-16ACD5EAF0B1}
	EndGlobalSection
EndGlobal
